
Microsoft Visual Studio Solution File, Format Version 12.00
# Visual Studio Version 17
VisualStudioVersion = 17.0.32002.185
MinimumVisualStudioVersion = 10.0.40219.1
Project("{FAE04EC0-301F-11D3-BF4B-00C04F79EFBC}") = "Matrizes", "Matrizes.csproj", "{A2EDFA9F-199E-48EE-8BA0-C9575F60183E}"
EndProject
Global
	GlobalSection(SolutionConfigurationPlatforms) = preSolution
		Debug|Any CPU = Debug|Any CPU
		Release|Any CPU = Release|Any CPU
	EndGlobalSection
	GlobalSection(ProjectConfigurationPlatforms) = postSolution
		{A2EDFA9F-199E-48EE-8BA0-C9575F60183E}.Debug|Any CPU.ActiveCfg = Debug|Any CPU
		{A2EDFA9F-199E-48EE-8BA0-C9575F60183E}.Debug|Any CPU.Build.0 = Debug|Any CPU
		{A2EDFA9F-199E-48EE-8BA0-C9575F60183E}.Release|Any CPU.ActiveCfg = Release|Any CPU
		{A2EDFA9F-199E-48EE-8BA0-C9575F60183E}.Release|Any CPU.Build.0 = Release|Any CPU
	EndGlobalSection
	GlobalSection(SolutionProperties) = preSolution
		HideSolutionNode = FALSE
	EndGlobalSection
	GlobalSection(ExtensibilityGlobals) = postSolution
		SolutionGuid = {627D10D5-0B2A-4D2C-B7C7-7196B95D90E7}
	EndGlobalSection
EndGlobal
